
Microsoft Visual Studio Solution File, Format Version 12.00
# Visual Studio Version 16
VisualStudioVersion = 16.0.29326.143
MinimumVisualStudioVersion = 10.0.40219.1
Project("{FAE04EC0-301F-11D3-BF4B-00C04F79EFBC}") = "GrKouk.CodeManager", "GrKouk.CodeManager\GrKouk.CodeManager\GrKouk.CodeManager.csproj", "{EA76C08A-EC7E-4887-BFD8-86F272FD1588}"
EndProject
Project("{FAE04EC0-301F-11D3-BF4B-00C04F79EFBC}") = "GrKouk.CodeManager.Android", "GrKouk.CodeManager\GrKouk.CodeManager.Android\GrKouk.CodeManager.Android.csproj", "{7BED2D4D-412B-4EC8-A9BE-2344C19D9C92}"
EndProject
Project("{FAE04EC0-301F-11D3-BF4B-00C04F79EFBC}") = "GrKouk.CodeManager.iOS", "GrKouk.CodeManager\GrKouk.CodeManager.iOS\GrKouk.CodeManager.iOS.csproj", "{A116B4F7-5CDD-47D6-AB32-1357DB2DEEDC}"
EndProject
Project("{FAE04EC0-301F-11D3-BF4B-00C04F79EFBC}") = "GrKouk.CodeManager.UWP", "GrKouk.CodeManager\GrKouk.CodeManager.UWP\GrKouk.CodeManager.UWP.csproj", "{9ACFCCFD-BC00-4E6C-9709-462C53DA390B}"
EndProject
Global
	GlobalSection(SolutionConfigurationPlatforms) = preSolution
		Ad-Hoc|Any CPU = Ad-Hoc|Any CPU
		Ad-Hoc|ARM = Ad-Hoc|ARM
		Ad-Hoc|iPhone = Ad-Hoc|iPhone
		Ad-Hoc|iPhoneSimulator = Ad-Hoc|iPhoneSimulator
		Ad-Hoc|x64 = Ad-Hoc|x64
		Ad-Hoc|x86 = Ad-Hoc|x86
		AppStore|Any CPU = AppStore|Any CPU
		AppStore|ARM = AppStore|ARM
		AppStore|iPhone = AppStore|iPhone
		AppStore|iPhoneSimulator = AppStore|iPhoneSimulator
		AppStore|x64 = AppStore|x64
		AppStore|x86 = AppStore|x86
		Debug|Any CPU = Debug|Any CPU
		Debug|ARM = Debug|ARM
		Debug|iPhone = Debug|iPhone
		Debug|iPhoneSimulator = Debug|iPhoneSimulator
		Debug|x64 = Debug|x64
		Debug|x86 = Debug|x86
		Release|Any CPU = Release|Any CPU
		Release|ARM = Release|ARM
		Release|iPhone = Release|iPhone
		Release|iPhoneSimulator = Release|iPhoneSimulator
		Release|x64 = Release|x64
		Release|x86 = Release|x86
	EndGlobalSection
	GlobalSection(ProjectConfigurationPlatforms) = postSolution
		{EA76C08A-EC7E-4887-BFD8-86F272FD1588}.Ad-Hoc|Any CPU.ActiveCfg = Debug|Any CPU
		{EA76C08A-EC7E-4887-BFD8-86F272FD1588}.Ad-Hoc|Any CPU.Build.0 = Debug|Any CPU
		{EA76C08A-EC7E-4887-BFD8-86F272FD1588}.Ad-Hoc|ARM.ActiveCfg = Debug|Any CPU
		{EA76C08A-EC7E-4887-BFD8-86F272FD1588}.Ad-Hoc|ARM.Build.0 = Debug|Any CPU
		{EA76C08A-EC7E-4887-BFD8-86F272FD1588}.Ad-Hoc|iPhone.ActiveCfg = Debug|Any CPU
		{EA76C08A-EC7E-4887-BFD8-86F272FD1588}.Ad-Hoc|iPhone.Build.0 = Debug|Any CPU
		{EA76C08A-EC7E-4887-BFD8-86F272FD1588}.Ad-Hoc|iPhoneSimulator.ActiveCfg = Debug|Any CPU
		{EA76C08A-EC7E-4887-BFD8-86F272FD1588}.Ad-Hoc|iPhoneSimulator.Build.0 = Debug|Any CPU
		{EA76C08A-EC7E-4887-BFD8-86F272FD1588}.Ad-Hoc|x64.ActiveCfg = Debug|Any CPU
		{EA76C08A-EC7E-4887-BFD8-86F272FD1588}.Ad-Hoc|x64.Build.0 = Debug|Any CPU
		{EA76C08A-EC7E-4887-BFD8-86F272FD1588}.Ad-Hoc|x86.ActiveCfg = Debug|Any CPU
		{EA76C08A-EC7E-4887-BFD8-86F272FD1588}.Ad-Hoc|x86.Build.0 = Debug|Any CPU
		{EA76C08A-EC7E-4887-BFD8-86F272FD1588}.AppStore|Any CPU.ActiveCfg = Debug|Any CPU
		{EA76C08A-EC7E-4887-BFD8-86F272FD1588}.AppStore|Any CPU.Build.0 = Debug|Any CPU
		{EA76C08A-EC7E-4887-BFD8-86F272FD1588}.AppStore|ARM.ActiveCfg = Debug|Any CPU
		{EA76C08A-EC7E-4887-BFD8-86F272FD1588}.AppStore|ARM.Build.0 = Debug|Any CPU
		{EA76C08A-EC7E-4887-BFD8-86F272FD1588}.AppStore|iPhone.ActiveCfg = Debug|Any CPU
		{EA76C08A-EC7E-4887-BFD8-86F272FD1588}.AppStore|iPhone.Build.0 = Debug|Any CPU
		{EA76C08A-EC7E-4887-BFD8-86F272FD1588}.AppStore|iPhoneSimulator.ActiveCfg = Debug|Any CPU
		{EA76C08A-EC7E-4887-BFD8-86F272FD1588}.AppStore|iPhoneSimulator.Build.0 = Debug|Any CPU
		{EA76C08A-EC7E-4887-BFD8-86F272FD1588}.AppStore|x64.ActiveCfg = Debug|Any CPU
		{EA76C08A-EC7E-4887-BFD8-86F272FD1588}.AppStore|x64.Build.0 = Debug|Any CPU
		{EA76C08A-EC7E-4887-BFD8-86F272FD1588}.AppStore|x86.ActiveCfg = Debug|Any CPU
		{EA76C08A-EC7E-4887-BFD8-86F272FD1588}.AppStore|x86.Build.0 = Debug|Any CPU
		{EA76C08A-EC7E-4887-BFD8-86F272FD1588}.Debug|Any CPU.ActiveCfg = Debug|Any CPU
		{EA76C08A-EC7E-4887-BFD8-86F272FD1588}.Debug|Any CPU.Build.0 = Debug|Any CPU
		{EA76C08A-EC7E-4887-BFD8-86F272FD1588}.Debug|ARM.ActiveCfg = Debug|Any CPU
		{EA76C08A-EC7E-4887-BFD8-86F272FD1588}.Debug|ARM.Build.0 = Debug|Any CPU
		{EA76C08A-EC7E-4887-BFD8-86F272FD1588}.Debug|iPhone.ActiveCfg = Debug|Any CPU
		{EA76C08A-EC7E-4887-BFD8-86F272FD1588}.Debug|iPhone.Build.0 = Debug|Any CPU
		{EA76C08A-EC7E-4887-BFD8-86F272FD1588}.Debug|iPhoneSimulator.ActiveCfg = Debug|Any CPU
		{EA76C08A-EC7E-4887-BFD8-86F272FD1588}.Debug|iPhoneSimulator.Build.0 = Debug|Any CPU
		{EA76C08A-EC7E-4887-BFD8-86F272FD1588}.Debug|x64.ActiveCfg = Debug|Any CPU
		{EA76C08A-EC7E-4887-BFD8-86F272FD1588}.Debug|x64.Build.0 = Debug|Any CPU
		{EA76C08A-EC7E-4887-BFD8-86F272FD1588}.Debug|x86.ActiveCfg = Debug|Any CPU
		{EA76C08A-EC7E-4887-BFD8-86F272FD1588}.Debug|x86.Build.0 = Debug|Any CPU
		{EA76C08A-EC7E-4887-BFD8-86F272FD1588}.Release|Any CPU.ActiveCfg = Release|Any CPU
		{EA76C08A-EC7E-4887-BFD8-86F272FD1588}.Release|Any CPU.Build.0 = Release|Any CPU
		{EA76C08A-EC7E-4887-BFD8-86F272FD1588}.Release|ARM.ActiveCfg = Release|Any CPU
		{EA76C08A-EC7E-4887-BFD8-86F272FD1588}.Release|ARM.Build.0 = Release|Any CPU
		{EA76C08A-EC7E-4887-BFD8-86F272FD1588}.Release|iPhone.ActiveCfg = Release|Any CPU
		{EA76C08A-EC7E-4887-BFD8-86F272FD1588}.Release|iPhone.Build.0 = Release|Any CPU
		{EA76C08A-EC7E-4887-BFD8-86F272FD1588}.Release|iPhoneSimulator.ActiveCfg = Release|Any CPU
		{EA76C08A-EC7E-4887-BFD8-86F272FD1588}.Release|iPhoneSimulator.Build.0 = Release|Any CPU
		{EA76C08A-EC7E-4887-BFD8-86F272FD1588}.Release|x64.ActiveCfg = Release|Any CPU
		{EA76C08A-EC7E-4887-BFD8-86F272FD1588}.Release|x64.Build.0 = Release|Any CPU
		{EA76C08A-EC7E-4887-BFD8-86F272FD1588}.Release|x86.ActiveCfg = Release|Any CPU
		{EA76C08A-EC7E-4887-BFD8-86F272FD1588}.Release|x86.Build.0 = Release|Any CPU
		{7BED2D4D-412B-4EC8-A9BE-2344C19D9C92}.Ad-Hoc|Any CPU.ActiveCfg = Release|Any CPU
		{7BED2D4D-412B-4EC8-A9BE-2344C19D9C92}.Ad-Hoc|Any CPU.Build.0 = Release|Any CPU
		{7BED2D4D-412B-4EC8-A9BE-2344C19D9C92}.Ad-Hoc|Any CPU.Deploy.0 = Release|Any CPU
		{7BED2D4D-412B-4EC8-A9BE-2344C19D9C92}.Ad-Hoc|ARM.ActiveCfg = Release|Any CPU
		{7BED2D4D-412B-4EC8-A9BE-2344C19D9C92}.Ad-Hoc|ARM.Build.0 = Release|Any CPU
		{7BED2D4D-412B-4EC8-A9BE-2344C19D9C92}.Ad-Hoc|ARM.Deploy.0 = Release|Any CPU
		{7BED2D4D-412B-4EC8-A9BE-2344C19D9C92}.Ad-Hoc|iPhone.ActiveCfg = Release|Any CPU
		{7BED2D4D-412B-4EC8-A9BE-2344C19D9C92}.Ad-Hoc|iPhone.Build.0 = Release|Any CPU
		{7BED2D4D-412B-4EC8-A9BE-2344C19D9C92}.Ad-Hoc|iPhone.Deploy.0 = Release|Any CPU
		{7BED2D4D-412B-4EC8-A9BE-2344C19D9C92}.Ad-Hoc|iPhoneSimulator.ActiveCfg = Release|Any CPU
		{7BED2D4D-412B-4EC8-A9BE-2344C19D9C92}.Ad-Hoc|iPhoneSimulator.Build.0 = Release|Any CPU
		{7BED2D4D-412B-4EC8-A9BE-2344C19D9C92}.Ad-Hoc|iPhoneSimulator.Deploy.0 = Release|Any CPU
		{7BED2D4D-412B-4EC8-A9BE-2344C19D9C92}.Ad-Hoc|x64.ActiveCfg = Release|Any CPU
		{7BED2D4D-412B-4EC8-A9BE-2344C19D9C92}.Ad-Hoc|x64.Build.0 = Release|Any CPU
		{7BED2D4D-412B-4EC8-A9BE-2344C19D9C92}.Ad-Hoc|x64.Deploy.0 = Release|Any CPU
		{7BED2D4D-412B-4EC8-A9BE-2344C19D9C92}.Ad-Hoc|x86.ActiveCfg = Release|Any CPU
		{7BED2D4D-412B-4EC8-A9BE-2344C19D9C92}.Ad-Hoc|x86.Build.0 = Release|Any CPU
		{7BED2D4D-412B-4EC8-A9BE-2344C19D9C92}.Ad-Hoc|x86.Deploy.0 = Release|Any CPU
		{7BED2D4D-412B-4EC8-A9BE-2344C19D9C92}.AppStore|Any CPU.ActiveCfg = Release|Any CPU
		{7BED2D4D-412B-4EC8-A9BE-2344C19D9C92}.AppStore|Any CPU.Build.0 = Release|Any CPU
		{7BED2D4D-412B-4EC8-A9BE-2344C19D9C92}.AppStore|Any CPU.Deploy.0 = Release|Any CPU
		{7BED2D4D-412B-4EC8-A9BE-2344C19D9C92}.AppStore|ARM.ActiveCfg = Release|Any CPU
		{7BED2D4D-412B-4EC8-A9BE-2344C19D9C92}.AppStore|ARM.Build.0 = Release|Any CPU
		{7BED2D4D-412B-4EC8-A9BE-2344C19D9C92}.AppStore|ARM.Deploy.0 = Release|Any CPU
		{7BED2D4D-412B-4EC8-A9BE-2344C19D9C92}.AppStore|iPhone.ActiveCfg = Release|Any CPU
		{7BED2D4D-412B-4EC8-A9BE-2344C19D9C92}.AppStore|iPhone.Build.0 = Release|Any CPU
		{7BED2D4D-412B-4EC8-A9BE-2344C19D9C92}.AppStore|iPhone.Deploy.0 = Release|Any CPU
		{7BED2D4D-412B-4EC8-A9BE-2344C19D9C92}.AppStore|iPhoneSimulator.ActiveCfg = Release|Any CPU
		{7BED2D4D-412B-4EC8-A9BE-2344C19D9C92}.AppStore|iPhoneSimulator.Build.0 = Release|Any CPU
		{7BED2D4D-412B-4EC8-A9BE-2344C19D9C92}.AppStore|iPhoneSimulator.Deploy.0 = Release|Any CPU
		{7BED2D4D-412B-4EC8-A9BE-2344C19D9C92}.AppStore|x64.ActiveCfg = Release|Any CPU
		{7BED2D4D-412B-4EC8-A9BE-2344C19D9C92}.AppStore|x64.Build.0 = Release|Any CPU
		{7BED2D4D-412B-4EC8-A9BE-2344C19D9C92}.AppStore|x64.Deploy.0 = Release|Any CPU
		{7BED2D4D-412B-4EC8-A9BE-2344C19D9C92}.AppStore|x86.ActiveCfg = Release|Any CPU
		{7BED2D4D-412B-4EC8-A9BE-2344C19D9C92}.AppStore|x86.Build.0 = Release|Any CPU
		{7BED2D4D-412B-4EC8-A9BE-2344C19D9C92}.AppStore|x86.Deploy.0 = Release|Any CPU
		{7BED2D4D-412B-4EC8-A9BE-2344C19D9C92}.Debug|Any CPU.ActiveCfg = Debug|Any CPU
		{7BED2D4D-412B-4EC8-A9BE-2344C19D9C92}.Debug|Any CPU.Build.0 = Debug|Any CPU
		{7BED2D4D-412B-4EC8-A9BE-2344C19D9C92}.Debug|Any CPU.Deploy.0 = Debug|Any CPU
		{7BED2D4D-412B-4EC8-A9BE-2344C19D9C92}.Debug|ARM.ActiveCfg = Debug|Any CPU
		{7BED2D4D-412B-4EC8-A9BE-2344C19D9C92}.Debug|ARM.Build.0 = Debug|Any CPU
		{7BED2D4D-412B-4EC8-A9BE-2344C19D9C92}.Debug|ARM.Deploy.0 = Debug|Any CPU
		{7BED2D4D-412B-4EC8-A9BE-2344C19D9C92}.Debug|iPhone.ActiveCfg = Debug|Any CPU
		{7BED2D4D-412B-4EC8-A9BE-2344C19D9C92}.Debug|iPhone.Build.0 = Debug|Any CPU
		{7BED2D4D-412B-4EC8-A9BE-2344C19D9C92}.Debug|iPhone.Deploy.0 = Debug|Any CPU
		{7BED2D4D-412B-4EC8-A9BE-2344C19D9C92}.Debug|iPhoneSimulator.ActiveCfg = Debug|Any CPU
		{7BED2D4D-412B-4EC8-A9BE-2344C19D9C92}.Debug|iPhoneSimulator.Build.0 = Debug|Any CPU
		{7BED2D4D-412B-4EC8-A9BE-2344C19D9C92}.Debug|iPhoneSimulator.Deploy.0 = Debug|Any CPU
		{7BED2D4D-412B-4EC8-A9BE-2344C19D9C92}.Debug|x64.ActiveCfg = Debug|Any CPU
		{7BED2D4D-412B-4EC8-A9BE-2344C19D9C92}.Debug|x64.Build.0 = Debug|Any CPU
		{7BED2D4D-412B-4EC8-A9BE-2344C19D9C92}.Debug|x64.Deploy.0 = Debug|Any CPU
		{7BED2D4D-412B-4EC8-A9BE-2344C19D9C92}.Debug|x86.ActiveCfg = Debug|Any CPU
		{7BED2D4D-412B-4EC8-A9BE-2344C19D9C92}.Debug|x86.Build.0 = Debug|Any CPU
		{7BED2D4D-412B-4EC8-A9BE-2344C19D9C92}.Debug|x86.Deploy.0 = Debug|Any CPU
		{7BED2D4D-412B-4EC8-A9BE-2344C19D9C92}.Release|Any CPU.ActiveCfg = Release|Any CPU
		{7BED2D4D-412B-4EC8-A9BE-2344C19D9C92}.Release|Any CPU.Build.0 = Release|Any CPU
		{7BED2D4D-412B-4EC8-A9BE-2344C19D9C92}.Release|Any CPU.Deploy.0 = Release|Any CPU
		{7BED2D4D-412B-4EC8-A9BE-2344C19D9C92}.Release|ARM.ActiveCfg = Release|Any CPU
		{7BED2D4D-412B-4EC8-A9BE-2344C19D9C92}.Release|ARM.Build.0 = Release|Any CPU
		{7BED2D4D-412B-4EC8-A9BE-2344C19D9C92}.Release|ARM.Deploy.0 = Release|Any CPU
		{7BED2D4D-412B-4EC8-A9BE-2344C19D9C92}.Release|iPhone.ActiveCfg = Release|Any CPU
		{7BED2D4D-412B-4EC8-A9BE-2344C19D9C92}.Release|iPhone.Build.0 = Release|Any CPU
		{7BED2D4D-412B-4EC8-A9BE-2344C19D9C92}.Release|iPhone.Deploy.0 = Release|Any CPU
		{7BED2D4D-412B-4EC8-A9BE-2344C19D9C92}.Release|iPhoneSimulator.ActiveCfg = Release|Any CPU
		{7BED2D4D-412B-4EC8-A9BE-2344C19D9C92}.Release|iPhoneSimulator.Build.0 = Release|Any CPU
		{7BED2D4D-412B-4EC8-A9BE-2344C19D9C92}.Release|iPhoneSimulator.Deploy.0 = Release|Any CPU
		{7BED2D4D-412B-4EC8-A9BE-2344C19D9C92}.Release|x64.ActiveCfg = Release|Any CPU
		{7BED2D4D-412B-4EC8-A9BE-2344C19D9C92}.Release|x64.Build.0 = Release|Any CPU
		{7BED2D4D-412B-4EC8-A9BE-2344C19D9C92}.Release|x64.Deploy.0 = Release|Any CPU
		{7BED2D4D-412B-4EC8-A9BE-2344C19D9C92}.Release|x86.ActiveCfg = Release|Any CPU
		{7BED2D4D-412B-4EC8-A9BE-2344C19D9C92}.Release|x86.Build.0 = Release|Any CPU
		{7BED2D4D-412B-4EC8-A9BE-2344C19D9C92}.Release|x86.Deploy.0 = Release|Any CPU
		{A116B4F7-5CDD-47D6-AB32-1357DB2DEEDC}.Ad-Hoc|Any CPU.ActiveCfg = Ad-Hoc|iPhone
		{A116B4F7-5CDD-47D6-AB32-1357DB2DEEDC}.Ad-Hoc|ARM.ActiveCfg = Ad-Hoc|iPhone
		{A116B4F7-5CDD-47D6-AB32-1357DB2DEEDC}.Ad-Hoc|iPhone.ActiveCfg = Ad-Hoc|iPhone
		{A116B4F7-5CDD-47D6-AB32-1357DB2DEEDC}.Ad-Hoc|iPhone.Build.0 = Ad-Hoc|iPhone
		{A116B4F7-5CDD-47D6-AB32-1357DB2DEEDC}.Ad-Hoc|iPhoneSimulator.ActiveCfg = Ad-Hoc|iPhoneSimulator
		{A116B4F7-5CDD-47D6-AB32-1357DB2DEEDC}.Ad-Hoc|iPhoneSimulator.Build.0 = Ad-Hoc|iPhoneSimulator
		{A116B4F7-5CDD-47D6-AB32-1357DB2DEEDC}.Ad-Hoc|x64.ActiveCfg = Ad-Hoc|iPhone
		{A116B4F7-5CDD-47D6-AB32-1357DB2DEEDC}.Ad-Hoc|x86.ActiveCfg = Ad-Hoc|iPhone
		{A116B4F7-5CDD-47D6-AB32-1357DB2DEEDC}.AppStore|Any CPU.ActiveCfg = AppStore|iPhone
		{A116B4F7-5CDD-47D6-AB32-1357DB2DEEDC}.AppStore|ARM.ActiveCfg = AppStore|iPhone
		{A116B4F7-5CDD-47D6-AB32-1357DB2DEEDC}.AppStore|iPhone.ActiveCfg = AppStore|iPhone
		{A116B4F7-5CDD-47D6-AB32-1357DB2DEEDC}.AppStore|iPhone.Build.0 = AppStore|iPhone
		{A116B4F7-5CDD-47D6-AB32-1357DB2DEEDC}.AppStore|iPhoneSimulator.ActiveCfg = AppStore|iPhoneSimulator
		{A116B4F7-5CDD-47D6-AB32-1357DB2DEEDC}.AppStore|iPhoneSimulator.Build.0 = AppStore|iPhoneSimulator
		{A116B4F7-5CDD-47D6-AB32-1357DB2DEEDC}.AppStore|x64.ActiveCfg = AppStore|iPhone
		{A116B4F7-5CDD-47D6-AB32-1357DB2DEEDC}.AppStore|x86.ActiveCfg = AppStore|iPhone
		{A116B4F7-5CDD-47D6-AB32-1357DB2DEEDC}.Debug|Any CPU.ActiveCfg = Debug|iPhone
		{A116B4F7-5CDD-47D6-AB32-1357DB2DEEDC}.Debug|ARM.ActiveCfg = Debug|iPhone
		{A116B4F7-5CDD-47D6-AB32-1357DB2DEEDC}.Debug|iPhone.ActiveCfg = Debug|iPhone
		{A116B4F7-5CDD-47D6-AB32-1357DB2DEEDC}.Debug|iPhone.Build.0 = Debug|iPhone
		{A116B4F7-5CDD-47D6-AB32-1357DB2DEEDC}.Debug|iPhoneSimulator.ActiveCfg = Debug|iPhoneSimulator
		{A116B4F7-5CDD-47D6-AB32-1357DB2DEEDC}.Debug|iPhoneSimulator.Build.0 = Debug|iPhoneSimulator
		{A116B4F7-5CDD-47D6-AB32-1357DB2DEEDC}.Debug|x64.ActiveCfg = Debug|iPhone
		{A116B4F7-5CDD-47D6-AB32-1357DB2DEEDC}.Debug|x86.ActiveCfg = Debug|iPhone
		{A116B4F7-5CDD-47D6-AB32-1357DB2DEEDC}.Release|Any CPU.ActiveCfg = Release|iPhone
		{A116B4F7-5CDD-47D6-AB32-1357DB2DEEDC}.Release|ARM.ActiveCfg = Release|iPhone
		{A116B4F7-5CDD-47D6-AB32-1357DB2DEEDC}.Release|iPhone.ActiveCfg = Release|iPhone
		{A116B4F7-5CDD-47D6-AB32-1357DB2DEEDC}.Release|iPhone.Build.0 = Release|iPhone
		{A116B4F7-5CDD-47D6-AB32-1357DB2DEEDC}.Release|iPhoneSimulator.ActiveCfg = Release|iPhoneSimulator
		{A116B4F7-5CDD-47D6-AB32-1357DB2DEEDC}.Release|iPhoneSimulator.Build.0 = Release|iPhoneSimulator
		{A116B4F7-5CDD-47D6-AB32-1357DB2DEEDC}.Release|x64.ActiveCfg = Release|iPhone
		{A116B4F7-5CDD-47D6-AB32-1357DB2DEEDC}.Release|x86.ActiveCfg = Release|iPhone
		{9ACFCCFD-BC00-4E6C-9709-462C53DA390B}.Ad-Hoc|Any CPU.ActiveCfg = Release|x86
		{9ACFCCFD-BC00-4E6C-9709-462C53DA390B}.Ad-Hoc|Any CPU.Build.0 = Release|x86
		{9ACFCCFD-BC00-4E6C-9709-462C53DA390B}.Ad-Hoc|Any CPU.Deploy.0 = Release|x86
		{9ACFCCFD-BC00-4E6C-9709-462C53DA390B}.Ad-Hoc|ARM.ActiveCfg = Release|ARM
		{9ACFCCFD-BC00-4E6C-9709-462C53DA390B}.Ad-Hoc|ARM.Build.0 = Release|ARM
		{9ACFCCFD-BC00-4E6C-9709-462C53DA390B}.Ad-Hoc|ARM.Deploy.0 = Release|ARM
		{9ACFCCFD-BC00-4E6C-9709-462C53DA390B}.Ad-Hoc|iPhone.ActiveCfg = Release|x86
		{9ACFCCFD-BC00-4E6C-9709-462C53DA390B}.Ad-Hoc|iPhone.Build.0 = Release|x86
		{9ACFCCFD-BC00-4E6C-9709-462C53DA390B}.Ad-Hoc|iPhone.Deploy.0 = Release|x86
		{9ACFCCFD-BC00-4E6C-9709-462C53DA390B}.Ad-Hoc|iPhoneSimulator.ActiveCfg = Release|x86
		{9ACFCCFD-BC00-4E6C-9709-462C53DA390B}.Ad-Hoc|iPhoneSimulator.Build.0 = Release|x86
		{9ACFCCFD-BC00-4E6C-9709-462C53DA390B}.Ad-Hoc|iPhoneSimulator.Deploy.0 = Release|x86
		{9ACFCCFD-BC00-4E6C-9709-462C53DA390B}.Ad-Hoc|x64.ActiveCfg = Release|x64
		{9ACFCCFD-BC00-4E6C-9709-462C53DA390B}.Ad-Hoc|x64.Build.0 = Release|x64
		{9ACFCCFD-BC00-4E6C-9709-462C53DA390B}.Ad-Hoc|x64.Deploy.0 = Release|x64
		{9ACFCCFD-BC00-4E6C-9709-462C53DA390B}.Ad-Hoc|x86.ActiveCfg = Release|x86
		{9ACFCCFD-BC00-4E6C-9709-462C53DA390B}.Ad-Hoc|x86.Build.0 = Release|x86
		{9ACFCCFD-BC00-4E6C-9709-462C53DA390B}.Ad-Hoc|x86.Deploy.0 = Release|x86
		{9ACFCCFD-BC00-4E6C-9709-462C53DA390B}.AppStore|Any CPU.ActiveCfg = Release|x86
		{9ACFCCFD-BC00-4E6C-9709-462C53DA390B}.AppStore|Any CPU.Build.0 = Release|x86
		{9ACFCCFD-BC00-4E6C-9709-462C53DA390B}.AppStore|Any CPU.Deploy.0 = Release|x86
		{9ACFCCFD-BC00-4E6C-9709-462C53DA390B}.AppStore|ARM.ActiveCfg = Release|ARM
		{9ACFCCFD-BC00-4E6C-9709-462C53DA390B}.AppStore|ARM.Build.0 = Release|ARM
		{9ACFCCFD-BC00-4E6C-9709-462C53DA390B}.AppStore|ARM.Deploy.0 = Release|ARM
		{9ACFCCFD-BC00-4E6C-9709-462C53DA390B}.AppStore|iPhone.ActiveCfg = Release|x86
		{9ACFCCFD-BC00-4E6C-9709-462C53DA390B}.AppStore|iPhone.Build.0 = Release|x86
		{9ACFCCFD-BC00-4E6C-9709-462C53DA390B}.AppStore|iPhone.Deploy.0 = Release|x86
		{9ACFCCFD-BC00-4E6C-9709-462C53DA390B}.AppStore|iPhoneSimulator.ActiveCfg = Release|x86
		{9ACFCCFD-BC00-4E6C-9709-462C53DA390B}.AppStore|iPhoneSimulator.Build.0 = Release|x86
		{9ACFCCFD-BC00-4E6C-9709-462C53DA390B}.AppStore|iPhoneSimulator.Deploy.0 = Release|x86
		{9ACFCCFD-BC00-4E6C-9709-462C53DA390B}.AppStore|x64.ActiveCfg = Release|x64
		{9ACFCCFD-BC00-4E6C-9709-462C53DA390B}.AppStore|x64.Build.0 = Release|x64
		{9ACFCCFD-BC00-4E6C-9709-462C53DA390B}.AppStore|x64.Deploy.0 = Release|x64
		{9ACFCCFD-BC00-4E6C-9709-462C53DA390B}.AppStore|x86.ActiveCfg = Release|x86
		{9ACFCCFD-BC00-4E6C-9709-462C53DA390B}.AppStore|x86.Build.0 = Release|x86
		{9ACFCCFD-BC00-4E6C-9709-462C53DA390B}.AppStore|x86.Deploy.0 = Release|x86
		{9ACFCCFD-BC00-4E6C-9709-462C53DA390B}.Debug|Any CPU.ActiveCfg = Debug|x86
		{9ACFCCFD-BC00-4E6C-9709-462C53DA390B}.Debug|Any CPU.Build.0 = Debug|x86
		{9ACFCCFD-BC00-4E6C-9709-462C53DA390B}.Debug|Any CPU.Deploy.0 = Debug|x86
		{9ACFCCFD-BC00-4E6C-9709-462C53DA390B}.Debug|ARM.ActiveCfg = Debug|ARM
		{9ACFCCFD-BC00-4E6C-9709-462C53DA390B}.Debug|ARM.Build.0 = Debug|ARM
		{9ACFCCFD-BC00-4E6C-9709-462C53DA390B}.Debug|ARM.Deploy.0 = Debug|ARM
		{9ACFCCFD-BC00-4E6C-9709-462C53DA390B}.Debug|iPhone.ActiveCfg = Debug|x86
		{9ACFCCFD-BC00-4E6C-9709-462C53DA390B}.Debug|iPhoneSimulator.ActiveCfg = Debug|x86
		{9ACFCCFD-BC00-4E6C-9709-462C53DA390B}.Debug|x64.ActiveCfg = Debug|x64
		{9ACFCCFD-BC00-4E6C-9709-462C53DA390B}.Debug|x64.Build.0 = Debug|x64
		{9ACFCCFD-BC00-4E6C-9709-462C53DA390B}.Debug|x64.Deploy.0 = Debug|x64
		{9ACFCCFD-BC00-4E6C-9709-462C53DA390B}.Debug|x86.ActiveCfg = Debug|x86
		{9ACFCCFD-BC00-4E6C-9709-462C53DA390B}.Debug|x86.Build.0 = Debug|x86
		{9ACFCCFD-BC00-4E6C-9709-462C53DA390B}.Debug|x86.Deploy.0 = Debug|x86
		{9ACFCCFD-BC00-4E6C-9709-462C53DA390B}.Release|Any CPU.ActiveCfg = Release|x86
		{9ACFCCFD-BC00-4E6C-9709-462C53DA390B}.Release|ARM.ActiveCfg = Release|ARM
		{9ACFCCFD-BC00-4E6C-9709-462C53DA390B}.Release|ARM.Build.0 = Release|ARM
		{9ACFCCFD-BC00-4E6C-9709-462C53DA390B}.Release|ARM.Deploy.0 = Release|ARM
		{9ACFCCFD-BC00-4E6C-9709-462C53DA390B}.Release|iPhone.ActiveCfg = Release|x86
		{9ACFCCFD-BC00-4E6C-9709-462C53DA390B}.Release|iPhoneSimulator.ActiveCfg = Release|x86
		{9ACFCCFD-BC00-4E6C-9709-462C53DA390B}.Release|x64.ActiveCfg = Release|x64
		{9ACFCCFD-BC00-4E6C-9709-462C53DA390B}.Release|x64.Build.0 = Release|x64
		{9ACFCCFD-BC00-4E6C-9709-462C53DA390B}.Release|x64.Deploy.0 = Release|x64
		{9ACFCCFD-BC00-4E6C-9709-462C53DA390B}.Release|x86.ActiveCfg = Release|x86
		{9ACFCCFD-BC00-4E6C-9709-462C53DA390B}.Release|x86.Build.0 = Release|x86
		{9ACFCCFD-BC00-4E6C-9709-462C53DA390B}.Release|x86.Deploy.0 = Release|x86
	EndGlobalSection
	GlobalSection(SolutionProperties) = preSolution
		HideSolutionNode = FALSE
	EndGlobalSection
	GlobalSection(ExtensibilityGlobals) = postSolution
		SolutionGuid = {CFB4565A-1E3A-43F3-A0D6-FB8C2DBB76EC}
	EndGlobalSection
EndGlobal
